{
  "name": "hw-app-elrond",
  "version": "1.0.0",
  "lockfileVersion": 1,
  "requires": true,
  "dependencies": {
    "@ledgerhq/devices": {
      "version": "5.19.1",
      "resolved": "https://registry.npmjs.org/@ledgerhq/devices/-/devices-5.19.1.tgz",
      "integrity": "sha512-i7PU0fsOkV5JDuD+57AliJ0FIBPgSSKbH8MbTOpYRhyAWfC7e7Em0SVl2B2JbzxjJ6/ltTq2+7zjLewu/ie5AA==",
      "requires": {
        "@ledgerhq/errors": "5.19.1",
        "@ledgerhq/logs": "5.19.1",
        "rxjs": "6.6.0"
      }
    },
    "@ledgerhq/errors": {
      "version": "5.19.1",
      "resolved": "https://registry.npmjs.org/@ledgerhq/errors/-/errors-5.19.1.tgz",
      "integrity": "sha512-9v4ishxc2doiR06E/87uJdT7LjnSpnWPftDaBXBm/6KEgjPGtGBCcRW3fkmQTWNE115e6TG9JYRiVRPuqs6GHg=="
    },
    "@ledgerhq/hw-transport": {
      "version": "5.19.1",
      "resolved": "https://registry.npmjs.org/@ledgerhq/hw-transport/-/hw-transport-5.19.1.tgz",
      "integrity": "sha512-Ec2I6jI1jrxkqaCdyEXVwra/3gOnzwWhv3eJTIqzT1wKrUNeG6B27cau0ETiLdgOtbRQ8fltonCo8Od3MC2h+Q==",
      "requires": {
        "@ledgerhq/devices": "5.19.1",
        "@ledgerhq/errors": "5.19.1",
        "events": "3.2.0"
      }
    },
    "@ledgerhq/logs": {
      "version": "5.19.1",
      "resolved": "https://registry.npmjs.org/@ledgerhq/logs/-/logs-5.19.1.tgz",
      "integrity": "sha512-nz33IoR3dG3DtJ46AyfLfpdMjGMkwmi21H49wcqVfNAteEe74fzO4cw9fcGMb4ENspYYtmB4LWTSp4gVPRglcg=="
    },
    "events": {
      "version": "3.2.0",
      "resolved": "https://registry.npmjs.org/events/-/events-3.2.0.tgz",
      "integrity": "sha512-/46HWwbfCX2xTawVfkKLGxMifJYQBWMwY1mjywRtb4c9x8l5NP3KoJtnIOiL1hfdRkIuYhETxQlo62IF8tcnlg=="
    },
    "rxjs": {
      "version": "6.6.0",
      "resolved": "https://registry.npmjs.org/rxjs/-/rxjs-6.6.0.tgz",
      "integrity": "sha512-3HMA8z/Oz61DUHe+SdOiQyzIf4tOx5oQHmMir7IZEu6TMqCLHT4LRcmNaUS0NwOz8VLvmmBduMsoaUvMaIiqzg==",
      "requires": {
        "tslib": "1.13.0"
      }
    },
    "tslib": {
      "version": "1.13.0",
      "resolved": "https://registry.npmjs.org/tslib/-/tslib-1.13.0.tgz",
      "integrity": "sha512-i/6DQjL8Xf3be4K/E6Wgpekn5Qasl1usyw++dAA35Ue5orEn65VIxOA+YvNNl9HV3qv70T7CNwjODHZrLwvd1Q=="
    }
  }
}
