{
  "name": "@elrondnetwork/hw-app-elrond",
  "version": "0.4.0",
  "lockfileVersion": 2,
  "requires": true,
  "packages": {
    "": {
      "name": "@elrondnetwork/hw-app-elrond",
      "version": "0.4.0",
      "license": "ISC",
      "dependencies": {
        "@ledgerhq/hw-transport": "^6.27.2"
      },
      "devDependencies": {
        "@types/node": "^18.7.16",
        "typescript": "^4.8.3"
      }
    },
    "node_modules/@ledgerhq/devices": {
      "version": "7.0.0",
      "resolved": "https://registry.npmjs.org/@ledgerhq/devices/-/devices-7.0.0.tgz",
      "integrity": "sha512-vq4B33WdU0dRAJIRFWZMj6w1W1yw1i4mekCmhk7N9wPaFrtGWZ2iI9WDihsNOBooCWKQe8Jsb9eD8RVThbSlFQ==",
      "dependencies": {
        "@ledgerhq/errors": "^6.10.1",
        "@ledgerhq/logs": "^6.10.0",
        "rxjs": "6",
        "semver": "^7.3.5"
      }
    },
    "node_modules/@ledgerhq/errors": {
      "version": "6.10.1",
      "resolved": "https://registry.npmjs.org/@ledgerhq/errors/-/errors-6.10.1.tgz",
      "integrity": "sha512-92d1zRQleR1AQ4CAXgWgDtKUms+8EwShLVUcajI+BLWvgJ1Vclmq6PsBIDEQbsm+riVu/Ji3LcHdmgFgmi0VGw=="
    },
    "node_modules/@ledgerhq/hw-transport": {
      "version": "6.27.2",
      "resolved": "https://registry.npmjs.org/@ledgerhq/hw-transport/-/hw-transport-6.27.2.tgz",
      "integrity": "sha512-GF4pmK78rEKhZfbmunwQ131c+0MGa6L5IoYlwgFcg6CaFpUjjPiTCKUFsm4flsE0Z0Ltn9QuKoe+xEHULo7rGA==",
      "dependencies": {
        "@ledgerhq/devices": "^7.0.0",
        "@ledgerhq/errors": "^6.10.1",
        "events": "^3.3.0"
      }
    },
    "node_modules/@ledgerhq/logs": {
      "version": "6.10.0",
      "resolved": "https://registry.npmjs.org/@ledgerhq/logs/-/logs-6.10.0.tgz",
      "integrity": "sha512-lLseUPEhSFUXYTKj6q7s2O3s2vW2ebgA11vMAlKodXGf5AFw4zUoEbTz9CoFOC9jS6xY4Qr8BmRnxP/odT4Uuw=="
    },
    "node_modules/@types/node": {
      "version": "18.7.16",
      "resolved": "https://registry.npmjs.org/@types/node/-/node-18.7.16.tgz",
      "integrity": "sha512-EQHhixfu+mkqHMZl1R2Ovuvn47PUw18azMJOTwSZr9/fhzHNGXAJ0ma0dayRVchprpCj0Kc1K1xKoWaATWF1qg==",
      "dev": true
    },
    "node_modules/events": {
      "version": "3.3.0",
      "resolved": "https://registry.npmjs.org/events/-/events-3.3.0.tgz",
      "integrity": "sha512-mQw+2fkQbALzQ7V0MY0IqdnXNOeTtP4r0lN9z7AAawCXgqea7bDii20AYrIBrFd/Hx0M2Ocz6S111CaFkUcb0Q==",
      "engines": {
        "node": ">=0.8.x"
      }
    },
    "node_modules/lru-cache": {
      "version": "6.0.0",
      "resolved": "https://registry.npmjs.org/lru-cache/-/lru-cache-6.0.0.tgz",
      "integrity": "sha512-Jo6dJ04CmSjuznwJSS3pUeWmd/H0ffTlkXXgwZi+eq1UCmqQwCh+eLsYOYCwY991i2Fah4h1BEMCx4qThGbsiA==",
      "dependencies": {
        "yallist": "^4.0.0"
      },
      "engines": {
        "node": ">=10"
      }
    },
    "node_modules/rxjs": {
      "version": "6.6.7",
      "resolved": "https://registry.npmjs.org/rxjs/-/rxjs-6.6.7.tgz",
      "integrity": "sha512-hTdwr+7yYNIT5n4AMYp85KA6yw2Va0FLa3Rguvbpa4W3I5xynaBZo41cM3XM+4Q6fRMj3sBYIR1VAmZMXYJvRQ==",
      "dependencies": {
        "tslib": "^1.9.0"
      },
      "engines": {
        "npm": ">=2.0.0"
      }
    },
    "node_modules/semver": {
      "version": "7.3.7",
      "resolved": "https://registry.npmjs.org/semver/-/semver-7.3.7.tgz",
      "integrity": "sha512-QlYTucUYOews+WeEujDoEGziz4K6c47V/Bd+LjSSYcA94p+DmINdf7ncaUinThfvZyu13lN9OY1XDxt8C0Tw0g==",
      "dependencies": {
        "lru-cache": "^6.0.0"
      },
      "bin": {
        "semver": "bin/semver.js"
      },
      "engines": {
        "node": ">=10"
      }
    },
    "node_modules/tslib": {
      "version": "1.14.1",
      "resolved": "https://registry.npmjs.org/tslib/-/tslib-1.14.1.tgz",
      "integrity": "sha512-Xni35NKzjgMrwevysHTCArtLDpPvye8zV/0E4EyYn43P7/7qvQwPh9BGkHewbMulVntbigmcT7rdX3BNo9wRJg=="
    },
    "node_modules/typescript": {
      "version": "4.8.3",
      "resolved": "https://registry.npmjs.org/typescript/-/typescript-4.8.3.tgz",
      "integrity": "sha512-goMHfm00nWPa8UvR/CPSvykqf6dVV8x/dp0c5mFTMTIu0u0FlGWRioyy7Nn0PGAdHxpJZnuO/ut+PpQ8UiHAig==",
      "dev": true,
      "bin": {
        "tsc": "bin/tsc",
        "tsserver": "bin/tsserver"
      },
      "engines": {
        "node": ">=4.2.0"
      }
    },
    "node_modules/yallist": {
      "version": "4.0.0",
      "resolved": "https://registry.npmjs.org/yallist/-/yallist-4.0.0.tgz",
      "integrity": "sha512-3wdGidZyq5PB084XLES5TpOSRA3wjXAlIWMhum2kRcv/41Sn2emQ0dycQW4uZXLejwKvg6EsvbdlVL+FYEct7A=="
    }
  },
  "dependencies": {
    "@ledgerhq/devices": {
      "version": "7.0.0",
      "resolved": "https://registry.npmjs.org/@ledgerhq/devices/-/devices-7.0.0.tgz",
      "integrity": "sha512-vq4B33WdU0dRAJIRFWZMj6w1W1yw1i4mekCmhk7N9wPaFrtGWZ2iI9WDihsNOBooCWKQe8Jsb9eD8RVThbSlFQ==",
      "requires": {
        "@ledgerhq/errors": "^6.10.1",
        "@ledgerhq/logs": "^6.10.0",
        "rxjs": "6",
        "semver": "^7.3.5"
      }
    },
    "@ledgerhq/errors": {
      "version": "6.10.1",
      "resolved": "https://registry.npmjs.org/@ledgerhq/errors/-/errors-6.10.1.tgz",
      "integrity": "sha512-92d1zRQleR1AQ4CAXgWgDtKUms+8EwShLVUcajI+BLWvgJ1Vclmq6PsBIDEQbsm+riVu/Ji3LcHdmgFgmi0VGw=="
    },
    "@ledgerhq/hw-transport": {
      "version": "6.27.2",
      "resolved": "https://registry.npmjs.org/@ledgerhq/hw-transport/-/hw-transport-6.27.2.tgz",
      "integrity": "sha512-GF4pmK78rEKhZfbmunwQ131c+0MGa6L5IoYlwgFcg6CaFpUjjPiTCKUFsm4flsE0Z0Ltn9QuKoe+xEHULo7rGA==",
      "requires": {
        "@ledgerhq/devices": "^7.0.0",
        "@ledgerhq/errors": "^6.10.1",
        "events": "^3.3.0"
      }
    },
    "@ledgerhq/logs": {
      "version": "6.10.0",
      "resolved": "https://registry.npmjs.org/@ledgerhq/logs/-/logs-6.10.0.tgz",
      "integrity": "sha512-lLseUPEhSFUXYTKj6q7s2O3s2vW2ebgA11vMAlKodXGf5AFw4zUoEbTz9CoFOC9jS6xY4Qr8BmRnxP/odT4Uuw=="
    },
    "@types/node": {
      "version": "18.7.16",
      "resolved": "https://registry.npmjs.org/@types/node/-/node-18.7.16.tgz",
      "integrity": "sha512-EQHhixfu+mkqHMZl1R2Ovuvn47PUw18azMJOTwSZr9/fhzHNGXAJ0ma0dayRVchprpCj0Kc1K1xKoWaATWF1qg==",
      "dev": true
    },
    "events": {
      "version": "3.3.0",
      "resolved": "https://registry.npmjs.org/events/-/events-3.3.0.tgz",
      "integrity": "sha512-mQw+2fkQbALzQ7V0MY0IqdnXNOeTtP4r0lN9z7AAawCXgqea7bDii20AYrIBrFd/Hx0M2Ocz6S111CaFkUcb0Q=="
    },
    "lru-cache": {
      "version": "6.0.0",
      "resolved": "https://registry.npmjs.org/lru-cache/-/lru-cache-6.0.0.tgz",
      "integrity": "sha512-Jo6dJ04CmSjuznwJSS3pUeWmd/H0ffTlkXXgwZi+eq1UCmqQwCh+eLsYOYCwY991i2Fah4h1BEMCx4qThGbsiA==",
      "requires": {
        "yallist": "^4.0.0"
      }
    },
    "rxjs": {
      "version": "6.6.7",
      "resolved": "https://registry.npmjs.org/rxjs/-/rxjs-6.6.7.tgz",
      "integrity": "sha512-hTdwr+7yYNIT5n4AMYp85KA6yw2Va0FLa3Rguvbpa4W3I5xynaBZo41cM3XM+4Q6fRMj3sBYIR1VAmZMXYJvRQ==",
      "requires": {
        "tslib": "^1.9.0"
      }
    },
    "semver": {
      "version": "7.3.7",
      "resolved": "https://registry.npmjs.org/semver/-/semver-7.3.7.tgz",
      "integrity": "sha512-QlYTucUYOews+WeEujDoEGziz4K6c47V/Bd+LjSSYcA94p+DmINdf7ncaUinThfvZyu13lN9OY1XDxt8C0Tw0g==",
      "requires": {
        "lru-cache": "^6.0.0"
      }
    },
    "tslib": {
      "version": "1.14.1",
      "resolved": "https://registry.npmjs.org/tslib/-/tslib-1.14.1.tgz",
      "integrity": "sha512-Xni35NKzjgMrwevysHTCArtLDpPvye8zV/0E4EyYn43P7/7qvQwPh9BGkHewbMulVntbigmcT7rdX3BNo9wRJg=="
    },
    "typescript": {
      "version": "4.8.3",
      "resolved": "https://registry.npmjs.org/typescript/-/typescript-4.8.3.tgz",
      "integrity": "sha512-goMHfm00nWPa8UvR/CPSvykqf6dVV8x/dp0c5mFTMTIu0u0FlGWRioyy7Nn0PGAdHxpJZnuO/ut+PpQ8UiHAig==",
      "dev": true
    },
    "yallist": {
      "version": "4.0.0",
      "resolved": "https://registry.npmjs.org/yallist/-/yallist-4.0.0.tgz",
      "integrity": "sha512-3wdGidZyq5PB084XLES5TpOSRA3wjXAlIWMhum2kRcv/41Sn2emQ0dycQW4uZXLejwKvg6EsvbdlVL+FYEct7A=="
    }
  }
}
